
Microsoft Visual Studio Solution File, Format Version 12.00
# Visual Studio 15
Project("{FAE04EC0-301F-11D3-BF4B-00C04F79EFBC}") = "Franchise", "Franchise.csproj", "{7AA663E5-63A3-D516-7BB3-FAE4C4B0D90B}"
EndProject
Project("{FAE04EC0-301F-11D3-BF4B-00C04F79EFBC}") = "Franchise.Plugins", "Franchise.Plugins.csproj", "{FE9FEA99-3A96-933F-67AB-3A070945EBD7}"
EndProject
Project("{FAE04EC0-301F-11D3-BF4B-00C04F79EFBC}") = "Franchise.Editor", "Franchise.Editor.csproj", "{DD326687-F620-AC31-4C5B-B9A9E73ED91D}"
EndProject
Global
	GlobalSection(SolutionConfigurationPlatforms) = preSolution
		Debug|Any CPU = Debug|Any CPU
		Release|Any CPU = Release|Any CPU
	EndGlobalSection
	GlobalSection(ProjectConfigurationPlatforms) = postSolution
		{7AA663E5-63A3-D516-7BB3-FAE4C4B0D90B}.Debug|Any CPU.ActiveCfg = Debug|Any CPU
		{7AA663E5-63A3-D516-7BB3-FAE4C4B0D90B}.Debug|Any CPU.Build.0 = Debug|Any CPU
		{7AA663E5-63A3-D516-7BB3-FAE4C4B0D90B}.Release|Any CPU.ActiveCfg = Release|Any CPU
		{7AA663E5-63A3-D516-7BB3-FAE4C4B0D90B}.Release|Any CPU.Build.0 = Release|Any CPU
		{FE9FEA99-3A96-933F-67AB-3A070945EBD7}.Debug|Any CPU.ActiveCfg = Debug|Any CPU
		{FE9FEA99-3A96-933F-67AB-3A070945EBD7}.Debug|Any CPU.Build.0 = Debug|Any CPU
		{FE9FEA99-3A96-933F-67AB-3A070945EBD7}.Release|Any CPU.ActiveCfg = Release|Any CPU
		{FE9FEA99-3A96-933F-67AB-3A070945EBD7}.Release|Any CPU.Build.0 = Release|Any CPU
		{DD326687-F620-AC31-4C5B-B9A9E73ED91D}.Debug|Any CPU.ActiveCfg = Debug|Any CPU
		{DD326687-F620-AC31-4C5B-B9A9E73ED91D}.Debug|Any CPU.Build.0 = Debug|Any CPU
		{DD326687-F620-AC31-4C5B-B9A9E73ED91D}.Release|Any CPU.ActiveCfg = Release|Any CPU
		{DD326687-F620-AC31-4C5B-B9A9E73ED91D}.Release|Any CPU.Build.0 = Release|Any CPU
	EndGlobalSection
	GlobalSection(SolutionProperties) = preSolution
		HideSolutionNode = FALSE
	EndGlobalSection
EndGlobal
